
Microsoft Visual Studio Solution File, Format Version 12.00
# Visual Studio Version 16
VisualStudioVersion = 16.0.30907.101
MinimumVisualStudioVersion = 10.0.40219.1
Project("{FAE04EC0-301F-11D3-BF4B-00C04F79EFBC}") = "Lucaci_Ioana_ProiectFinal", "Lucaci_Ioana_ProiectFinal.csproj", "{8AB5571A-9F52-494C-8FEB-069B7CA358BE}"
EndProject
Global
	GlobalSection(SolutionConfigurationPlatforms) = preSolution
		Debug|Any CPU = Debug|Any CPU
		Release|Any CPU = Release|Any CPU
	EndGlobalSection
	GlobalSection(ProjectConfigurationPlatforms) = postSolution
		{8AB5571A-9F52-494C-8FEB-069B7CA358BE}.Debug|Any CPU.ActiveCfg = Debug|Any CPU
		{8AB5571A-9F52-494C-8FEB-069B7CA358BE}.Debug|Any CPU.Build.0 = Debug|Any CPU
		{8AB5571A-9F52-494C-8FEB-069B7CA358BE}.Release|Any CPU.ActiveCfg = Release|Any CPU
		{8AB5571A-9F52-494C-8FEB-069B7CA358BE}.Release|Any CPU.Build.0 = Release|Any CPU
	EndGlobalSection
	GlobalSection(SolutionProperties) = preSolution
		HideSolutionNode = FALSE
	EndGlobalSection
	GlobalSection(ExtensibilityGlobals) = postSolution
		SolutionGuid = {238471F6-0E9E-45CA-A3CF-D13458D7D589}
	EndGlobalSection
EndGlobal
